
Microsoft Visual Studio Solution File, Format Version 12.00
# Visual Studio Version 17
VisualStudioVersion = 17.0.32126.317
MinimumVisualStudioVersion = 10.0.40219.1
Project("{FAE04EC0-301F-11D3-BF4B-00C04F79EFBC}") = "Trello-Duda", "Trello-Duda.csproj", "{3A78A031-DFC8-438E-9E9F-B1861B4775D2}"
EndProject
Global
	GlobalSection(SolutionConfigurationPlatforms) = preSolution
		Debug|Any CPU = Debug|Any CPU
		Release|Any CPU = Release|Any CPU
	EndGlobalSection
	GlobalSection(ProjectConfigurationPlatforms) = postSolution
		{3A78A031-DFC8-438E-9E9F-B1861B4775D2}.Debug|Any CPU.ActiveCfg = Debug|Any CPU
		{3A78A031-DFC8-438E-9E9F-B1861B4775D2}.Debug|Any CPU.Build.0 = Debug|Any CPU
		{3A78A031-DFC8-438E-9E9F-B1861B4775D2}.Release|Any CPU.ActiveCfg = Release|Any CPU
		{3A78A031-DFC8-438E-9E9F-B1861B4775D2}.Release|Any CPU.Build.0 = Release|Any CPU
	EndGlobalSection
	GlobalSection(SolutionProperties) = preSolution
		HideSolutionNode = FALSE
	EndGlobalSection
	GlobalSection(ExtensibilityGlobals) = postSolution
		SolutionGuid = {DEE4EB94-6688-4527-9FD5-0FA8B06864CC}
	EndGlobalSection
EndGlobal
